
Microsoft Visual Studio Solution File, Format Version 12.00
# Visual Studio Version 16
VisualStudioVersion = 16.0.31129.286
MinimumVisualStudioVersion = 10.0.40219.1
Project("{9A19103F-16F7-4668-BE54-9A1E7A4F7556}") = "CoC character maker", "CoC character maker\CoC character maker.csproj", "{03D3BACF-188C-4AE2-A249-B2BBDBC53DAC}"
EndProject
Global
	GlobalSection(SolutionConfigurationPlatforms) = preSolution
		Debug|Any CPU = Debug|Any CPU
		Release|Any CPU = Release|Any CPU
	EndGlobalSection
	GlobalSection(ProjectConfigurationPlatforms) = postSolution
		{03D3BACF-188C-4AE2-A249-B2BBDBC53DAC}.Debug|Any CPU.ActiveCfg = Release|Any CPU
		{03D3BACF-188C-4AE2-A249-B2BBDBC53DAC}.Debug|Any CPU.Build.0 = Release|Any CPU
		{03D3BACF-188C-4AE2-A249-B2BBDBC53DAC}.Release|Any CPU.ActiveCfg = Release|Any CPU
		{03D3BACF-188C-4AE2-A249-B2BBDBC53DAC}.Release|Any CPU.Build.0 = Release|Any CPU
	EndGlobalSection
	GlobalSection(SolutionProperties) = preSolution
		HideSolutionNode = FALSE
	EndGlobalSection
	GlobalSection(ExtensibilityGlobals) = postSolution
		SolutionGuid = {F65733E4-32CF-489A-9656-91A884C4D37F}
	EndGlobalSection
EndGlobal
